# Lockfile for antidote-managed zsh plugins.
# Records the expected HEAD SHA for each plugin repo.
# After running `antidote bundle`, run `zsh_verify_plugins` to confirm
# the installed versions match, then update this file if the changes
# have been reviewed and approved.
zsh-users/zsh-completions c160d09fddd28ceb3af5cf80e9253af80e450d96
zsh-users/zsh-autosuggestions 0e810e5afa27acbd074398eefbe28d13005dbc15
zsh-users/zsh-history-substring-search 87ce96b1862928d84b1afe7c173316614b30e301
getantidote/use-omz 3961ccbbb7d6ec390cecad4bfda81608f9ab0994
ohmyzsh/ohmyzsh f733dc340b2a1c5b2e61a4da7de790b2f557175f
